<?xml version="1.0" encoding="utf-8"?>
<Project ToolsVersion="4.0" xmlns="http://schemas.microsoft.com/developer/msbuild/2003">
  <ItemGroup>
    <ClCompile Include="grid\grid.cpp">
      <Filter>grid</Filter>
    </ClCompile>
    <ClCompile Include="common\nuid.cpp">
      <Filter>common</Filter>
    </ClCompile>
    <ClCompile Include="cross\cross.cpp">
      <Filter>cross</Filter>
    </ClCompile>
    <ClCompile Include="test_cross.cpp" />
    <ClCompile Include="test_grid.cpp" />
  </ItemGroup>
  <ItemGroup>
    <ClInclude Include="grid\grid.h">
      <Filter>grid</Filter>
    </ClInclude>
    <ClInclude Include="common\base_types.h">
      <Filter>common</Filter>
    </ClInclude>
    <ClInclude Include="common\khash.h">
      <Filter>common</Filter>
    </ClInclude>
    <ClInclude Include="common\nuid.h">
      <Filter>common</Filter>
    </ClInclude>
    <ClInclude Include="common\silence_unused.h">
      <Filter>common</Filter>
    </ClInclude>
    <ClInclude Include="cross\cross.h">
      <Filter>cross</Filter>
    </ClInclude>
  </ItemGroup>
  <ItemGroup>
    <Filter Include="common">
      <UniqueIdentifier>{a5bcc111-1ffa-486a-be3e-736f13a58fbd}</UniqueIdentifier>
    </Filter>
    <Filter Include="cross">
      <UniqueIdentifier>{79ef594b-5670-4970-b0ee-43fab69e8846}</UniqueIdentifier>
    </Filter>
    <Filter Include="grid">
      <UniqueIdentifier>{7beb134a-3c99-41b7-a173-c92128415e56}</UniqueIdentifier>
    </Filter>
  </ItemGroup>
</Project>